# This file is automatically @generated by Cargo.
# It is not intended for manual editing.
[[package]]
name = "advent-of-code-2020-rs"
version = "0.1.0"
dependencies = [
 "anyhow",
 "indoc",
]

[[package]]
name = "anyhow"
version = "1.0.35"
source = "registry+https://github.com/rust-lang/crates.io-index"
checksum = "2c0df63cb2955042487fad3aefd2c6e3ae7389ac5dc1beb28921de0b69f779d4"

[[package]]
name = "indoc"
version = "1.0.3"
source = "registry+https://github.com/rust-lang/crates.io-index"
checksum = "e5a75aeaaef0ce18b58056d306c27b07436fbb34b8816c53094b76dd81803136"
dependencies = [
 "unindent",
]

[[package]]
name = "unindent"
version = "0.1.7"
source = "registry+https://github.com/rust-lang/crates.io-index"
checksum = "f14ee04d9415b52b3aeab06258a3f07093182b88ba0f9b8d203f211a7a7d41c7"
